
Microsoft Visual Studio Solution File, Format Version 12.00
# Visual Studio 14
VisualStudioVersion = 14.0.25420.1
MinimumVisualStudioVersion = 10.0.40219.1
Project("{FAE04EC0-301F-11D3-BF4B-00C04F79EFBC}") = "forTC", "forTC\forTC.csproj", "{8BE0F0A5-1EB0-480D-B6D5-D2A73EF42A43}"
EndProject
Project("{FAE04EC0-301F-11D3-BF4B-00C04F79EFBC}") = "forTC.Tests", "forTC.Tests\forTC.Tests.csproj", "{B3D1B832-FA11-47E2-A154-6F88C7C9B18F}"
EndProject
Global
	GlobalSection(SolutionConfigurationPlatforms) = preSolution
		Debug|Any CPU = Debug|Any CPU
		Release|Any CPU = Release|Any CPU
	EndGlobalSection
	GlobalSection(ProjectConfigurationPlatforms) = postSolution
		{8BE0F0A5-1EB0-480D-B6D5-D2A73EF42A43}.Debug|Any CPU.ActiveCfg = Debug|Any CPU
		{8BE0F0A5-1EB0-480D-B6D5-D2A73EF42A43}.Debug|Any CPU.Build.0 = Debug|Any CPU
		{8BE0F0A5-1EB0-480D-B6D5-D2A73EF42A43}.Release|Any CPU.ActiveCfg = Release|Any CPU
		{8BE0F0A5-1EB0-480D-B6D5-D2A73EF42A43}.Release|Any CPU.Build.0 = Release|Any CPU
		{B3D1B832-FA11-47E2-A154-6F88C7C9B18F}.Debug|Any CPU.ActiveCfg = Debug|Any CPU
		{B3D1B832-FA11-47E2-A154-6F88C7C9B18F}.Debug|Any CPU.Build.0 = Debug|Any CPU
		{B3D1B832-FA11-47E2-A154-6F88C7C9B18F}.Release|Any CPU.ActiveCfg = Release|Any CPU
		{B3D1B832-FA11-47E2-A154-6F88C7C9B18F}.Release|Any CPU.Build.0 = Release|Any CPU
	EndGlobalSection
	GlobalSection(SolutionProperties) = preSolution
		HideSolutionNode = FALSE
	EndGlobalSection
EndGlobal
